// !$*UTF8*$!
{
	archiveVersion = 1;
	classes = {
	};
	objectVersion = 46;
	objects = {

/* Begin PBXBuildFile section */
		C25025AD1B12C10900366F58 /* HomeViewCell.m in Sources */ = {isa = PBXBuildFile; fileRef = C25025AA1B12C10900366F58 /* HomeViewCell.m */; };
		C25025AE1B12C10900366F58 /* ScrollViewCell.m in Sources */ = {isa = PBXBuildFile; fileRef = C25025AC1B12C10900366F58 /* ScrollViewCell.m */; };
		C25025B51B12C27000366F58 /* ImageDownload.m in Sources */ = {isa = PBXBuildFile; fileRef = C25025B01B12C27000366F58 /* ImageDownload.m */; };
		C25025B61B12C27000366F58 /* NetworkHandler.m in Sources */ = {isa = PBXBuildFile; fileRef = C25025B21B12C27000366F58 /* NetworkHandler.m */; };
		C25025B71B12C27000366F58 /* Cachemanger.m in Sources */ = {isa = PBXBuildFile; fileRef = C25025B41B12C27000366F58 /* Cachemanger.m */; };
		C250260B1B12C2DA00366F58 /* MKAnnotationView+WebCache.m in Sources */ = {isa = PBXBuildFile; fileRef = C25025EB1B12C2DA00366F58 /* MKAnnotationView+WebCache.m */; };
		C250260C1B12C2DA00366F58 /* NSData+ImageContentType.m in Sources */ = {isa = PBXBuildFile; fileRef = C25025ED1B12C2DA00366F58 /* NSData+ImageContentType.m */; };
		C250260D1B12C2DA00366F58 /* SDImageCache.m in Sources */ = {isa = PBXBuildFile; fileRef = C25025EF1B12C2DA00366F58 /* SDImageCache.m */; };
		C250260E1B12C2DA00366F58 /* SDWebImageCompat.m in Sources */ = {isa = PBXBuildFile; fileRef = C25025F11B12C2DA00366F58 /* SDWebImageCompat.m */; };
		C250260F1B12C2DA00366F58 /* SDWebImageDecoder.m in Sources */ = {isa = PBXBuildFile; fileRef = C25025F31B12C2DA00366F58 /* SDWebImageDecoder.m */; };
		C25026101B12C2DA00366F58 /* SDWebImageDownloader.m in Sources */ = {isa = PBXBuildFile; fileRef = C25025F51B12C2DA00366F58 /* SDWebImageDownloader.m */; };
		C25026111B12C2DA00366F58 /* SDWebImageDownloaderOperation.m in Sources */ = {isa = PBXBuildFile; fileRef = C25025F71B12C2DA00366F58 /* SDWebImageDownloaderOperation.m */; };
		C25026121B12C2DA00366F58 /* SDWebImageManager.m in Sources */ = {isa = PBXBuildFile; fileRef = C25025F91B12C2DA00366F58 /* SDWebImageManager.m */; };
		C25026131B12C2DA00366F58 /* SDWebImagePrefetcher.m in Sources */ = {isa = PBXBuildFile; fileRef = C25025FC1B12C2DA00366F58 /* SDWebImagePrefetcher.m */; };
		C25026141B12C2DA00366F58 /* UIButton+WebCache.m in Sources */ = {isa = PBXBuildFile; fileRef = C25025FE1B12C2DA00366F58 /* UIButton+WebCache.m */; };
		C25026151B12C2DA00366F58 /* UIImage+GIF.m in Sources */ = {isa = PBXBuildFile; fileRef = C25026001B12C2DA00366F58 /* UIImage+GIF.m */; };
		C25026161B12C2DA00366F58 /* UIImage+MultiFormat.m in Sources */ = {isa = PBXBuildFile; fileRef = C25026021B12C2DA00366F58 /* UIImage+MultiFormat.m */; };
		C25026171B12C2DA00366F58 /* UIImage+WebP.m in Sources */ = {isa = PBXBuildFile; fileRef = C25026041B12C2DA00366F58 /* UIImage+WebP.m */; };
		C25026181B12C2DA00366F58 /* UIImageView+HighlightedWebCache.m in Sources */ = {isa = PBXBuildFile; fileRef = C25026061B12C2DA00366F58 /* UIImageView+HighlightedWebCache.m */; };
		C25026191B12C2DA00366F58 /* UIImageView+WebCache.m in Sources */ = {isa = PBXBuildFile; fileRef = C25026081B12C2DA00366F58 /* UIImageView+WebCache.m */; };
		C250261A1B12C2DA00366F58 /* UIView+WebCacheOperation.m in Sources */ = {isa = PBXBuildFile; fileRef = C250260A1B12C2DA00366F58 /* UIView+WebCacheOperation.m */; };
		C250D28C1B17F5F1000E77E3 /* DetailViewController.m in Sources */ = {isa = PBXBuildFile; fileRef = C250D28B1B17F5F1000E77E3 /* DetailViewController.m */; };
		C25203761B0C1E7200627068 /* main.m in Sources */ = {isa = PBXBuildFile; fileRef = C25203751B0C1E7200627068 /* main.m */; };
		C252037F1B0C1E7200627068 /* Main.storyboard in Resources */ = {isa = PBXBuildFile; fileRef = C252037D1B0C1E7200627068 /* Main.storyboard */; };
		C25203811B0C1E7200627068 /* Images.xcassets in Resources */ = {isa = PBXBuildFile; fileRef = C25203801B0C1E7200627068 /* Images.xcassets */; };
		C25203841B0C1E7200627068 /* LaunchScreen.xib in Resources */ = {isa = PBXBuildFile; fileRef = C25203821B0C1E7200627068 /* LaunchScreen.xib */; };
		C25203901B0C1E7200627068 /* HappyWeekendTests.m in Sources */ = {isa = PBXBuildFile; fileRef = C252038F1B0C1E7200627068 /* HappyWeekendTests.m */; };
		C256791E1B19590F00C7313F /* UITableViewCell+textHeight.m in Sources */ = {isa = PBXBuildFile; fileRef = C256791D1B19590F00C7313F /* UITableViewCell+textHeight.m */; };
		C25679221B19EAE700C7313F /* 321.png in Resources */ = {isa = PBXBuildFile; fileRef = C25679211B19EAE700C7313F /* 321.png */; };
		C25CE4E81B16AA0D00E6CAE7 /* details_top_blue_share_inverse.png in Resources */ = {isa = PBXBuildFile; fileRef = C25CE4E41B16AA0D00E6CAE7 /* details_top_blue_share_inverse.png */; };
		C25CE4E91B16AA0D00E6CAE7 /* details_top_blue_share_inverse@2x.png in Resources */ = {isa = PBXBuildFile; fileRef = C25CE4E51B16AA0D00E6CAE7 /* details_top_blue_share_inverse@2x.png */; };
		C25CE4EA1B16AA0D00E6CAE7 /* tab_fav_inverse_normal.png in Resources */ = {isa = PBXBuildFile; fileRef = C25CE4E61B16AA0D00E6CAE7 /* tab_fav_inverse_normal.png */; };
		C25CE4EB1B16AA0D00E6CAE7 /* tab_fav_inverse_normal@2x.png in Resources */ = {isa = PBXBuildFile; fileRef = C25CE4E71B16AA0D00E6CAE7 /* tab_fav_inverse_normal@2x.png */; };
		C25CE4ED1B16B1F400E6CAE7 /* touming.png in Resources */ = {isa = PBXBuildFile; fileRef = C25CE4EC1B16B1F400E6CAE7 /* touming.png */; };
		C281B0501B1A9AAB00FA6591 /* PayViewCell.m in Sources */ = {isa = PBXBuildFile; fileRef = C281B04F1B1A9AAB00FA6591 /* PayViewCell.m */; };
		C281B0561B1AAB2F00FA6591 /* PayTableViewController.m in Sources */ = {isa = PBXBuildFile; fileRef = C281B0551B1AAB2F00FA6591 /* PayTableViewController.m */; };
		C281B0591B1AAE5700FA6591 /* TopTableViewCell.m in Sources */ = {isa = PBXBuildFile; fileRef = C281B0581B1AAE5700FA6591 /* TopTableViewCell.m */; };
		C281B05B1B1AB1F700FA6591 /* white.png in Resources */ = {isa = PBXBuildFile; fileRef = C281B05A1B1AB1F700FA6591 /* white.png */; };
		C281B05E1B1B2DC100FA6591 /* pic_default.png in Resources */ = {isa = PBXBuildFile; fileRef = C281B05C1B1B2DC100FA6591 /* pic_default.png */; };
		C281B05F1B1B2DC100FA6591 /* pic_default@2x.png in Resources */ = {isa = PBXBuildFile; fileRef = C281B05D1B1B2DC100FA6591 /* pic_default@2x.png */; };
		C295D1CA1B1082B800669758 /* DDMenuController.m in Sources */ = {isa = PBXBuildFile; fileRef = C295D1C81B1082B800669758 /* DDMenuController.m */; };
		C295D1CC1B1082C000669758 /* LeftViewController.m in Sources */ = {isa = PBXBuildFile; fileRef = C295D1CB1B1082C000669758 /* LeftViewController.m */; };
		C295D1D21B10835E00669758 /* HomeTableViewController.m in Sources */ = {isa = PBXBuildFile; fileRef = C295D1D11B10835E00669758 /* HomeTableViewController.m */; };
		C295D1D61B10A69D00669758 /* SettingTableViewController.m in Sources */ = {isa = PBXBuildFile; fileRef = C295D1D51B10A69D00669758 /* SettingTableViewController.m */; };
		C2A66B4F1B12BC6000E6B73D /* HomeWeek.m in Sources */ = {isa = PBXBuildFile; fileRef = C2A66B4E1B12BC6000E6B73D /* HomeWeek.m */; };
		C2ABB3B31B1317E4008B5BBB /* ScrollPhotoTableViewCell.m in Sources */ = {isa = PBXBuildFile; fileRef = C2ABB3B21B1317E4008B5BBB /* ScrollPhotoTableViewCell.m */; };
		C2ABB3B61B1317FA008B5BBB /* MapTableViewCell.m in Sources */ = {isa = PBXBuildFile; fileRef = C2ABB3B51B1317FA008B5BBB /* MapTableViewCell.m */; };
		C2D60D641B0ECB470045DE6B /* DetailTableViewCell.m in Sources */ = {isa = PBXBuildFile; fileRef = C2D60D631B0ECB470045DE6B /* DetailTableViewCell.m */; };
		C2D60D671B0ECB560045DE6B /* Detail.m in Sources */ = {isa = PBXBuildFile; fileRef = C2D60D661B0ECB560045DE6B /* Detail.m */; };
		C2D60D6B1B0ECFCD0045DE6B /* AppDelegate.m in Sources */ = {isa = PBXBuildFile; fileRef = C2D60D6A1B0ECFCD0045DE6B /* AppDelegate.m */; };
		C2D60D7B1B0F0B440045DE6B /* 1.png in Resources */ = {isa = PBXBuildFile; fileRef = C2D60D7A1B0F0B440045DE6B /* 1.png */; };
/* End PBXBuildFile section */

/* Begin PBXContainerItemProxy section */
		C252038A1B0C1E7200627068 /* PBXContainerItemProxy */ = {
			isa = PBXContainerItemProxy;
			containerPortal = C25203681B0C1E7200627068 /* Project object */;
			proxyType = 1;
			remoteGlobalIDString = C252036F1B0C1E7200627068;
			remoteInfo = HappyWeekend;
		};
/* End PBXContainerItemProxy section */

/* Begin PBXFileReference section */
		C25025A91B12C10900366F58 /* HomeViewCell.h */ = {isa = PBXFileReference; fileEncoding = 4; lastKnownFileType = sourcecode.c.h; path = HomeViewCell.h; sourceTree = "<group>"; };
		C25025AA1B12C10900366F58 /* HomeViewCell.m */ = {isa = PBXFileReference; fileEncoding = 4; lastKnownFileType = sourcecode.c.objc; path = HomeViewCell.m; sourceTree = "<group>"; };
		C25025AB1B12C10900366F58 /* ScrollViewCell.h */ = {isa = PBXFileReference; fileEncoding = 4; lastKnownFileType = sourcecode.c.h; path = ScrollViewCell.h; sourceTree = "<group>"; };
		C25025AC1B12C10900366F58 /* ScrollViewCell.m */ = {isa = PBXFileReference; fileEncoding = 4; lastKnownFileType = sourcecode.c.objc; path = ScrollViewCell.m; sourceTree = "<group>"; };
		C25025AF1B12C27000366F58 /* ImageDownload.h */ = {isa = PBXFileReference; fileEncoding = 4; lastKnownFileType = sourcecode.c.h; path = ImageDownload.h; sourceTree = "<group>"; };
		C25025B01B12C27000366F58 /* ImageDownload.m */ = {isa = PBXFileReference; fileEncoding = 4; lastKnownFileType = sourcecode.c.objc; path = ImageDownload.m; sourceTree = "<group>"; };
		C25025B11B12C27000366F58 /* NetworkHandler.h */ = {isa = PBXFileReference; fileEncoding = 4; lastKnownFileType = sourcecode.c.h; path = NetworkHandler.h; sourceTree = "<group>"; };
		C25025B21B12C27000366F58 /* NetworkHandler.m */ = {isa = PBXFileReference; fileEncoding = 4; lastKnownFileType = sourcecode.c.objc; path = NetworkHandler.m; sourceTree = "<group>"; };
		C25025B31B12C27000366F58 /* Cachemanger.h */ = {isa = PBXFileReference; fileEncoding = 4; lastKnownFileType = sourcecode.c.h; path = Cachemanger.h; sourceTree = "<group>"; };
		C25025B41B12C27000366F58 /* Cachemanger.m */ = {isa = PBXFileReference; fileEncoding = 4; lastKnownFileType = sourcecode.c.objc; path = Cachemanger.m; sourceTree = "<group>"; };
		C25025EA1B12C2DA00366F58 /* MKAnnotationView+WebCache.h */ = {isa = PBXFileReference; fileEncoding = 4; lastKnownFileType = sourcecode.c.h; path = "MKAnnotationView+WebCache.h"; sourceTree = "<group>"; };
		C25025EB1B12C2DA00366F58 /* MKAnnotationView+WebCache.m */ = {isa = PBXFileReference; fileEncoding = 4; lastKnownFileType = sourcecode.c.objc; path = "MKAnnotationView+WebCache.m"; sourceTree = "<group>"; };
		C25025EC1B12C2DA00366F58 /* NSData+ImageContentType.h */ = {isa = PBXFileReference; fileEncoding = 4; lastKnownFileType = sourcecode.c.h; path = "NSData+ImageContentType.h"; sourceTree = "<group>"; };
		C25025ED1B12C2DA00366F58 /* NSData+ImageContentType.m */ = {isa = PBXFileReference; fileEncoding = 4; lastKnownFileType = sourcecode.c.objc; path = "NSData+ImageContentType.m"; sourceTree = "<group>"; };
		C25025EE1B12C2DA00366F58 /* SDImageCache.h */ = {isa = PBXFileReference; fileEncoding = 4; lastKnownFileType = sourcecode.c.h; path = SDImageCache.h; sourceTree = "<group>"; };
		C25025EF1B12C2DA00366F58 /* SDImageCache.m */ = {isa = PBXFileReference; fileEncoding = 4; lastKnownFileType = sourcecode.c.objc; path = SDImageCache.m; sourceTree = "<group>"; };
		C25025F01B12C2DA00366F58 /* SDWebImageCompat.h */ = {isa = PBXFileReference; fileEncoding = 4; lastKnownFileType = sourcecode.c.h; path = SDWebImageCompat.h; sourceTree = "<group>"; };
		C25025F11B12C2DA00366F58 /* SDWebImageCompat.m */ = {isa = PBXFileReference; fileEncoding = 4; lastKnownFileType = sourcecode.c.objc; path = SDWebImageCompat.m; sourceTree = "<group>"; };
		C25025F21B12C2DA00366F58 /* SDWebImageDecoder.h */ = {isa = PBXFileReference; fileEncoding = 4; lastKnownFileType = sourcecode.c.h; path = SDWebImageDecoder.h; sourceTree = "<group>"; };
		C25025F31B12C2DA00366F58 /* SDWebImageDecoder.m */ = {isa = PBXFileReference; fileEncoding = 4; lastKnownFileType = sourcecode.c.objc; path = SDWebImageDecoder.m; sourceTree = "<group>"; };
		C25025F41B12C2DA00366F58 /* SDWebImageDownloader.h */ = {isa = PBXFileReference; fileEncoding = 4; lastKnownFileType = sourcecode.c.h; path = SDWebImageDownloader.h; sourceTree = "<group>"; };
		C25025F51B12C2DA00366F58 /* SDWebImageDownloader.m */ = {isa = PBXFileReference; fileEncoding = 4; lastKnownFileType = sourcecode.c.objc; path = SDWebImageDownloader.m; sourceTree = "<group>"; };
		C25025F61B12C2DA00366F58 /* SDWebImageDownloaderOperation.h */ = {isa = PBXFileReference; fileEncoding = 4; lastKnownFileType = sourcecode.c.h; path = SDWebImageDownloaderOperation.h; sourceTree = "<group>"; };
		C25025F71B12C2DA00366F58 /* SDWebImageDownloaderOperation.m */ = {isa = PBXFileReference; fileEncoding = 4; lastKnownFileType = sourcecode.c.objc; path = SDWebImageDownloaderOperation.m; sourceTree = "<group>"; };
		C25025F81B12C2DA00366F58 /* SDWebImageManager.h */ = {isa = PBXFileReference; fileEncoding = 4; lastKnownFileType = sourcecode.c.h; path = SDWebImageManager.h; sourceTree = "<group>"; };
		C25025F91B12C2DA00366F58 /* SDWebImageManager.m */ = {isa = PBXFileReference; fileEncoding = 4; lastKnownFileType = sourcecode.c.objc; path = SDWebImageManager.m; sourceTree = "<group>"; };
		C25025FA1B12C2DA00366F58 /* SDWebImageOperation.h */ = {isa = PBXFileReference; fileEncoding = 4; lastKnownFileType = sourcecode.c.h; path = SDWebImageOperation.h; sourceTree = "<group>"; };
		C25025FB1B12C2DA00366F58 /* SDWebImagePrefetcher.h */ = {isa = PBXFileReference; fileEncoding = 4; lastKnownFileType = sourcecode.c.h; path = SDWebImagePrefetcher.h; sourceTree = "<group>"; };
		C25025FC1B12C2DA00366F58 /* SDWebImagePrefetcher.m */ = {isa = PBXFileReference; fileEncoding = 4; lastKnownFileType = sourcecode.c.objc; path = SDWebImagePrefetcher.m; sourceTree = "<group>"; };
		C25025FD1B12C2DA00366F58 /* UIButton+WebCache.h */ = {isa = PBXFileReference; fileEncoding = 4; lastKnownFileType = sourcecode.c.h; path = "UIButton+WebCache.h"; sourceTree = "<group>"; };
		C25025FE1B12C2DA00366F58 /* UIButton+WebCache.m */ = {isa = PBXFileReference; fileEncoding = 4; lastKnownFileType = sourcecode.c.objc; path = "UIButton+WebCache.m"; sourceTree = "<group>"; };
		C25025FF1B12C2DA00366F58 /* UIImage+GIF.h */ = {isa = PBXFileReference; fileEncoding = 4; lastKnownFileType = sourcecode.c.h; path = "UIImage+GIF.h"; sourceTree = "<group>"; };
		C25026001B12C2DA00366F58 /* UIImage+GIF.m */ = {isa = PBXFileReference; fileEncoding = 4; lastKnownFileType = sourcecode.c.objc; path = "UIImage+GIF.m"; sourceTree = "<group>"; };
		C25026011B12C2DA00366F58 /* UIImage+MultiFormat.h */ = {isa = PBXFileReference; fileEncoding = 4; lastKnownFileType = sourcecode.c.h; path = "UIImage+MultiFormat.h"; sourceTree = "<group>"; };
		C25026021B12C2DA00366F58 /* UIImage+MultiFormat.m */ = {isa = PBXFileReference; fileEncoding = 4; lastKnownFileType = sourcecode.c.objc; path = "UIImage+MultiFormat.m"; sourceTree = "<group>"; };
		C25026031B12C2DA00366F58 /* UIImage+WebP.h */ = {isa = PBXFileReference; fileEncoding = 4; lastKnownFileType = sourcecode.c.h; path = "UIImage+WebP.h"; sourceTree = "<group>"; };
		C25026041B12C2DA00366F58 /* UIImage+WebP.m */ = {isa = PBXFileReference; fileEncoding = 4; lastKnownFileType = sourcecode.c.objc; path = "UIImage+WebP.m"; sourceTree = "<group>"; };
		C25026051B12C2DA00366F58 /* UIImageView+HighlightedWebCache.h */ = {isa = PBXFileReference; fileEncoding = 4; lastKnownFileType = sourcecode.c.h; path = "UIImageView+HighlightedWebCache.h"; sourceTree = "<group>"; };
		C25026061B12C2DA00366F58 /* UIImageView+HighlightedWebCache.m */ = {isa = PBXFileReference; fileEncoding = 4; lastKnownFileType = sourcecode.c.objc; path = "UIImageView+HighlightedWebCache.m"; sourceTree = "<group>"; };
		C25026071B12C2DA00366F58 /* UIImageView+WebCache.h */ = {isa = PBXFileReference; fileEncoding = 4; lastKnownFileType = sourcecode.c.h; path = "UIImageView+WebCache.h"; sourceTree = "<group>"; };
		C25026081B12C2DA00366F58 /* UIImageView+WebCache.m */ = {isa = PBXFileReference; fileEncoding = 4; lastKnownFileType = sourcecode.c.objc; path = "UIImageView+WebCache.m"; sourceTree = "<group>"; };
		C25026091B12C2DA00366F58 /* UIView+WebCacheOperation.h */ = {isa = PBXFileReference; fileEncoding = 4; lastKnownFileType = sourcecode.c.h; path = "UIView+WebCacheOperation.h"; sourceTree = "<group>"; };
		C250260A1B12C2DA00366F58 /* UIView+WebCacheOperation.m */ = {isa = PBXFileReference; fileEncoding = 4; lastKnownFileType = sourcecode.c.objc; path = "UIView+WebCacheOperation.m"; sourceTree = "<group>"; };
		C250D28A1B17F5F1000E77E3 /* DetailViewController.h */ = {isa = PBXFileReference; fileEncoding = 4; lastKnownFileType = sourcecode.c.h; path = DetailViewController.h; sourceTree = "<group>"; };
		C250D28B1B17F5F1000E77E3 /* DetailViewController.m */ = {isa = PBXFileReference; fileEncoding = 4; lastKnownFileType = sourcecode.c.objc; path = DetailViewController.m; sourceTree = "<group>"; };
		C25203701B0C1E7200627068 /* HappyWeekend.app */ = {isa = PBXFileReference; explicitFileType = wrapper.application; includeInIndex = 0; path = HappyWeekend.app; sourceTree = BUILT_PRODUCTS_DIR; };
		C25203741B0C1E7200627068 /* Info.plist */ = {isa = PBXFileReference; lastKnownFileType = text.plist.xml; path = Info.plist; sourceTree = "<group>"; };
		C25203751B0C1E7200627068 /* main.m */ = {isa = PBXFileReference; lastKnownFileType = sourcecode.c.objc; path = main.m; sourceTree = "<group>"; };
		C252037E1B0C1E7200627068 /* Base */ = {isa = PBXFileReference; lastKnownFileType = file.storyboard; name = Base; path = Base.lproj/Main.storyboard; sourceTree = "<group>"; };
		C25203801B0C1E7200627068 /* Images.xcassets */ = {isa = PBXFileReference; lastKnownFileType = folder.assetcatalog; path = Images.xcassets; sourceTree = "<group>"; };
		C25203831B0C1E7200627068 /* Base */ = {isa = PBXFileReference; lastKnownFileType = file.xib; name = Base; path = Base.lproj/LaunchScreen.xib; sourceTree = "<group>"; };
		C25203891B0C1E7200627068 /* HappyWeekendTests.xctest */ = {isa = PBXFileReference; explicitFileType = wrapper.cfbundle; includeInIndex = 0; path = HappyWeekendTests.xctest; sourceTree = BUILT_PRODUCTS_DIR; };
		C252038E1B0C1E7200627068 /* Info.plist */ = {isa = PBXFileReference; lastKnownFileType = text.plist.xml; path = Info.plist; sourceTree = "<group>"; };
		C252038F1B0C1E7200627068 /* HappyWeekendTests.m */ = {isa = PBXFileReference; lastKnownFileType = sourcecode.c.objc; path = HappyWeekendTests.m; sourceTree = "<group>"; };
		C256791C1B19590F00C7313F /* UITableViewCell+textHeight.h */ = {isa = PBXFileReference; fileEncoding = 4; lastKnownFileType = sourcecode.c.h; path = "UITableViewCell+textHeight.h"; sourceTree = "<group>"; };
		C256791D1B19590F00C7313F /* UITableViewCell+textHeight.m */ = {isa = PBXFileReference; fileEncoding = 4; lastKnownFileType = sourcecode.c.objc; path = "UITableViewCell+textHeight.m"; sourceTree = "<group>"; };
		C25679211B19EAE700C7313F /* 321.png */ = {isa = PBXFileReference; lastKnownFileType = image.png; path = 321.png; sourceTree = "<group>"; };
		C25CE4E41B16AA0D00E6CAE7 /* details_top_blue_share_inverse.png */ = {isa = PBXFileReference; lastKnownFileType = image.png; path = details_top_blue_share_inverse.png; sourceTree = "<group>"; };
		C25CE4E51B16AA0D00E6CAE7 /* details_top_blue_share_inverse@2x.png */ = {isa = PBXFileReference; lastKnownFileType = image.png; path = "details_top_blue_share_inverse@2x.png"; sourceTree = "<group>"; };
		C25CE4E61B16AA0D00E6CAE7 /* tab_fav_inverse_normal.png */ = {isa = PBXFileReference; lastKnownFileType = image.png; path = tab_fav_inverse_normal.png; sourceTree = "<group>"; };
		C25CE4E71B16AA0D00E6CAE7 /* tab_fav_inverse_normal@2x.png */ = {isa = PBXFileReference; lastKnownFileType = image.png; path = "tab_fav_inverse_normal@2x.png"; sourceTree = "<group>"; };
		C25CE4EC1B16B1F400E6CAE7 /* touming.png */ = {isa = PBXFileReference; lastKnownFileType = image.png; path = touming.png; sourceTree = "<group>"; };
		C281B04E1B1A9AAB00FA6591 /* PayViewCell.h */ = {isa = PBXFileReference; fileEncoding = 4; lastKnownFileType = sourcecode.c.h; path = PayViewCell.h; sourceTree = "<group>"; };
		C281B04F1B1A9AAB00FA6591 /* PayViewCell.m */ = {isa = PBXFileReference; fileEncoding = 4; lastKnownFileType = sourcecode.c.objc; path = PayViewCell.m; sourceTree = "<group>"; };
		C281B0541B1AAB2F00FA6591 /* PayTableViewController.h */ = {isa = PBXFileReference; fileEncoding = 4; lastKnownFileType = sourcecode.c.h; path = PayTableViewController.h; sourceTree = "<group>"; };
		C281B0551B1AAB2F00FA6591 /* PayTableViewController.m */ = {isa = PBXFileReference; fileEncoding = 4; lastKnownFileType = sourcecode.c.objc; path = PayTableViewController.m; sourceTree = "<group>"; };
		C281B0571B1AAE5700FA6591 /* TopTableViewCell.h */ = {isa = PBXFileReference; fileEncoding = 4; lastKnownFileType = sourcecode.c.h; path = TopTableViewCell.h; sourceTree = "<group>"; };
		C281B0581B1AAE5700FA6591 /* TopTableViewCell.m */ = {isa = PBXFileReference; fileEncoding = 4; lastKnownFileType = sourcecode.c.objc; path = TopTableViewCell.m; sourceTree = "<group>"; };
		C281B05A1B1AB1F700FA6591 /* white.png */ = {isa = PBXFileReference; lastKnownFileType = image.png; path = white.png; sourceTree = "<group>"; };
		C281B05C1B1B2DC100FA6591 /* pic_default.png */ = {isa = PBXFileReference; lastKnownFileType = image.png; path = pic_default.png; sourceTree = "<group>"; };
		C281B05D1B1B2DC100FA6591 /* pic_default@2x.png */ = {isa = PBXFileReference; lastKnownFileType = image.png; path = "pic_default@2x.png"; sourceTree = "<group>"; };
		C295D1C71B1082B800669758 /* DDMenuController.h */ = {isa = PBXFileReference; fileEncoding = 4; lastKnownFileType = sourcecode.c.h; path = DDMenuController.h; sourceTree = "<group>"; };
		C295D1C81B1082B800669758 /* DDMenuController.m */ = {isa = PBXFileReference; fileEncoding = 4; lastKnownFileType = sourcecode.c.objc; path = DDMenuController.m; sourceTree = "<group>"; };
		C295D1C91B1082B800669758 /* LeftViewController.h */ = {isa = PBXFileReference; fileEncoding = 4; lastKnownFileType = sourcecode.c.h; path = LeftViewController.h; sourceTree = "<group>"; };
		C295D1CB1B1082C000669758 /* LeftViewController.m */ = {isa = PBXFileReference; fileEncoding = 4; lastKnownFileType = sourcecode.c.objc; path = LeftViewController.m; sourceTree = "<group>"; };
		C295D1D01B10835E00669758 /* HomeTableViewController.h */ = {isa = PBXFileReference; fileEncoding = 4; lastKnownFileType = sourcecode.c.h; path = HomeTableViewController.h; sourceTree = "<group>"; };
		C295D1D11B10835E00669758 /* HomeTableViewController.m */ = {isa = PBXFileReference; fileEncoding = 4; lastKnownFileType = sourcecode.c.objc; path = HomeTableViewController.m; sourceTree = "<group>"; };
		C295D1D41B10A69D00669758 /* SettingTableViewController.h */ = {isa = PBXFileReference; fileEncoding = 4; lastKnownFileType = sourcecode.c.h; path = SettingTableViewController.h; sourceTree = "<group>"; };
		C295D1D51B10A69D00669758 /* SettingTableViewController.m */ = {isa = PBXFileReference; fileEncoding = 4; lastKnownFileType = sourcecode.c.objc; path = SettingTableViewController.m; sourceTree = "<group>"; };
		C2A66B4B1B12BC2200E6B73D /* URLHeaders.h */ = {isa = PBXFileReference; fileEncoding = 4; lastKnownFileType = sourcecode.c.h; name = URLHeaders.h; path = ../URLHeaders.h; sourceTree = "<group>"; };
		C2A66B4D1B12BC6000E6B73D /* HomeWeek.h */ = {isa = PBXFileReference; fileEncoding = 4; lastKnownFileType = sourcecode.c.h; path = HomeWeek.h; sourceTree = "<group>"; };
		C2A66B4E1B12BC6000E6B73D /* HomeWeek.m */ = {isa = PBXFileReference; fileEncoding = 4; lastKnownFileType = sourcecode.c.objc; path = HomeWeek.m; sourceTree = "<group>"; };
		C2ABB3B11B1317E4008B5BBB /* ScrollPhotoTableViewCell.h */ = {isa = PBXFileReference; fileEncoding = 4; lastKnownFileType = sourcecode.c.h; path = ScrollPhotoTableViewCell.h; sourceTree = "<group>"; };
		C2ABB3B21B1317E4008B5BBB /* ScrollPhotoTableViewCell.m */ = {isa = PBXFileReference; fileEncoding = 4; lastKnownFileType = sourcecode.c.objc; path = ScrollPhotoTableViewCell.m; sourceTree = "<group>"; };
		C2ABB3B41B1317FA008B5BBB /* MapTableViewCell.h */ = {isa = PBXFileReference; fileEncoding = 4; lastKnownFileType = sourcecode.c.h; path = MapTableViewCell.h; sourceTree = "<group>"; };
		C2ABB3B51B1317FA008B5BBB /* MapTableViewCell.m */ = {isa = PBXFileReference; fileEncoding = 4; lastKnownFileType = sourcecode.c.objc; path = MapTableViewCell.m; sourceTree = "<group>"; };
		C2D60D621B0ECB470045DE6B /* DetailTableViewCell.h */ = {isa = PBXFileReference; fileEncoding = 4; lastKnownFileType = sourcecode.c.h; path = DetailTableViewCell.h; sourceTree = "<group>"; };
		C2D60D631B0ECB470045DE6B /* DetailTableViewCell.m */ = {isa = PBXFileReference; fileEncoding = 4; lastKnownFileType = sourcecode.c.objc; path = DetailTableViewCell.m; sourceTree = "<group>"; };
		C2D60D651B0ECB560045DE6B /* Detail.h */ = {isa = PBXFileReference; fileEncoding = 4; lastKnownFileType = sourcecode.c.h; path = Detail.h; sourceTree = "<group>"; };
		C2D60D661B0ECB560045DE6B /* Detail.m */ = {isa = PBXFileReference; fileEncoding = 4; lastKnownFileType = sourcecode.c.objc; path = Detail.m; sourceTree = "<group>"; };
		C2D60D691B0ECFC60045DE6B /* AppDelegate.h */ = {isa = PBXFileReference; fileEncoding = 4; lastKnownFileType = sourcecode.c.h; path = AppDelegate.h; sourceTree = "<group>"; };
		C2D60D6A1B0ECFCD0045DE6B /* AppDelegate.m */ = {isa = PBXFileReference; fileEncoding = 4; lastKnownFileType = sourcecode.c.objc; path = AppDelegate.m; sourceTree = "<group>"; };
		C2D60D7A1B0F0B440045DE6B /* 1.png */ = {isa = PBXFileReference; lastKnownFileType = image.png; name = 1.png; path = ../Home/Controller/1.png; sourceTree = "<group>"; };
/* End PBXFileReference section */

/* Begin PBXFrameworksBuildPhase section */
		C252036D1B0C1E7200627068 /* Frameworks */ = {
			isa = PBXFrameworksBuildPhase;
			buildActionMask = 2147483647;
			files = (
			);
			runOnlyForDeploymentPostprocessing = 0;
		};
		C25203861B0C1E7200627068 /* Frameworks */ = {
			isa = PBXFrameworksBuildPhase;
			buildActionMask = 2147483647;
			files = (
			);
			runOnlyForDeploymentPostprocessing = 0;
		};
/* End PBXFrameworksBuildPhase section */

/* Begin PBXGroup section */
		C25025A81B12C0F800366F58 /* View */ = {
			isa = PBXGroup;
			children = (
				C25025A91B12C10900366F58 /* HomeViewCell.h */,
				C25025AA1B12C10900366F58 /* HomeViewCell.m */,
				C25025AB1B12C10900366F58 /* ScrollViewCell.h */,
				C25025AC1B12C10900366F58 /* ScrollViewCell.m */,
			);
			path = View;
			sourceTree = "<group>";
		};
		C25025E91B12C2A100366F58 /* SDWebImage */ = {
			isa = PBXGroup;
			children = (
				C25025EA1B12C2DA00366F58 /* MKAnnotationView+WebCache.h */,
				C25025EB1B12C2DA00366F58 /* MKAnnotationView+WebCache.m */,
				C25025EC1B12C2DA00366F58 /* NSData+ImageContentType.h */,
				C25025ED1B12C2DA00366F58 /* NSData+ImageContentType.m */,
				C25025EE1B12C2DA00366F58 /* SDImageCache.h */,
				C25025EF1B12C2DA00366F58 /* SDImageCache.m */,
				C25025F01B12C2DA00366F58 /* SDWebImageCompat.h */,
				C25025F11B12C2DA00366F58 /* SDWebImageCompat.m */,
				C25025F21B12C2DA00366F58 /* SDWebImageDecoder.h */,
				C25025F31B12C2DA00366F58 /* SDWebImageDecoder.m */,
				C25025F41B12C2DA00366F58 /* SDWebImageDownloader.h */,
				C25025F51B12C2DA00366F58 /* SDWebImageDownloader.m */,
				C25025F61B12C2DA00366F58 /* SDWebImageDownloaderOperation.h */,
				C25025F71B12C2DA00366F58 /* SDWebImageDownloaderOperation.m */,
				C25025F81B12C2DA00366F58 /* SDWebImageManager.h */,
				C25025F91B12C2DA00366F58 /* SDWebImageManager.m */,
				C25025FA1B12C2DA00366F58 /* SDWebImageOperation.h */,
				C25025FB1B12C2DA00366F58 /* SDWebImagePrefetcher.h */,
				C25025FC1B12C2DA00366F58 /* SDWebImagePrefetcher.m */,
				C25025FD1B12C2DA00366F58 /* UIButton+WebCache.h */,
				C25025FE1B12C2DA00366F58 /* UIButton+WebCache.m */,
				C25025FF1B12C2DA00366F58 /* UIImage+GIF.h */,
				C25026001B12C2DA00366F58 /* UIImage+GIF.m */,
				C25026011B12C2DA00366F58 /* UIImage+MultiFormat.h */,
				C25026021B12C2DA00366F58 /* UIImage+MultiFormat.m */,
				C25026031B12C2DA00366F58 /* UIImage+WebP.h */,
				C25026041B12C2DA00366F58 /* UIImage+WebP.m */,
				C25026051B12C2DA00366F58 /* UIImageView+HighlightedWebCache.h */,
				C25026061B12C2DA00366F58 /* UIImageView+HighlightedWebCache.m */,
				C25026071B12C2DA00366F58 /* UIImageView+WebCache.h */,
				C25026081B12C2DA00366F58 /* UIImageView+WebCache.m */,
				C25026091B12C2DA00366F58 /* UIView+WebCacheOperation.h */,
				C250260A1B12C2DA00366F58 /* UIView+WebCacheOperation.m */,
			);
			path = SDWebImage;
			sourceTree = "<group>";
		};
		C25203671B0C1E7200627068 = {
			isa = PBXGroup;
			children = (
				C25203721B0C1E7200627068 /* HappyWeekend */,
				C252038C1B0C1E7200627068 /* HappyWeekendTests */,
				C25203711B0C1E7200627068 /* Products */,
			);
			sourceTree = "<group>";
		};
		C25203711B0C1E7200627068 /* Products */ = {
			isa = PBXGroup;
			children = (
				C25203701B0C1E7200627068 /* HappyWeekend.app */,
				C25203891B0C1E7200627068 /* HappyWeekendTests.xctest */,
			);
			name = Products;
			sourceTree = "<group>";
		};
		C25203721B0C1E7200627068 /* HappyWeekend */ = {
			isa = PBXGroup;
			children = (
				C2A66B4C1B12BC3500E6B73D /* Common */,
				C2D60D681B0ECFBD0045DE6B /* APP */,
				C25203BA1B0CC03D00627068 /* Image */,
				C25203A01B0C204100627068 /* Detail */,
				C295D1C61B1082AC00669758 /* Drawer */,
				C295D1D31B10A68D00669758 /* Set */,
				C281B0471B1A95AF00FA6591 /* Pay */,
				C252039C1B0C200900627068 /* Home */,
				C252037D1B0C1E7200627068 /* Main.storyboard */,
				C25203801B0C1E7200627068 /* Images.xcassets */,
				C25203821B0C1E7200627068 /* LaunchScreen.xib */,
				C25203731B0C1E7200627068 /* Supporting Files */,
			);
			path = HappyWeekend;
			sourceTree = "<group>";
		};
		C25203731B0C1E7200627068 /* Supporting Files */ = {
			isa = PBXGroup;
			children = (
				C25203741B0C1E7200627068 /* Info.plist */,
				C25203751B0C1E7200627068 /* main.m */,
			);
			name = "Supporting Files";
			sourceTree = "<group>";
		};
		C252038C1B0C1E7200627068 /* HappyWeekendTests */ = {
			isa = PBXGroup;
			children = (
				C252038F1B0C1E7200627068 /* HappyWeekendTests.m */,
				C252038D1B0C1E7200627068 /* Supporting Files */,
			);
			path = HappyWeekendTests;
			sourceTree = "<group>";
		};
		C252038D1B0C1E7200627068 /* Supporting Files */ = {
			isa = PBXGroup;
			children = (
				C252038E1B0C1E7200627068 /* Info.plist */,
			);
			name = "Supporting Files";
			sourceTree = "<group>";
		};
		C252039C1B0C200900627068 /* Home */ = {
			isa = PBXGroup;
			children = (
				C252039D1B0C200D00627068 /* Controller */,
				C252039E1B0C201E00627068 /* Model */,
				C25025A81B12C0F800366F58 /* View */,
			);
			path = Home;
			sourceTree = "<group>";
		};
		C252039D1B0C200D00627068 /* Controller */ = {
			isa = PBXGroup;
			children = (
				C295D1D01B10835E00669758 /* HomeTableViewController.h */,
				C295D1D11B10835E00669758 /* HomeTableViewController.m */,
			);
			path = Controller;
			sourceTree = "<group>";
		};
		C252039E1B0C201E00627068 /* Model */ = {
			isa = PBXGroup;
			children = (
				C2A66B4D1B12BC6000E6B73D /* HomeWeek.h */,
				C2A66B4E1B12BC6000E6B73D /* HomeWeek.m */,
			);
			path = Model;
			sourceTree = "<group>";
		};
		C25203A01B0C204100627068 /* Detail */ = {
			isa = PBXGroup;
			children = (
				C2D60D5F1B0ECB0D0045DE6B /* Controller */,
				C2D60D601B0ECB1B0045DE6B /* Model */,
				C2D60D611B0ECB240045DE6B /* View */,
			);
			path = Detail;
			sourceTree = "<group>";
		};
		C25203BA1B0CC03D00627068 /* Image */ = {
			isa = PBXGroup;
			children = (
				C281B05C1B1B2DC100FA6591 /* pic_default.png */,
				C281B05D1B1B2DC100FA6591 /* pic_default@2x.png */,
				C25CE4EC1B16B1F400E6CAE7 /* touming.png */,
				C25CE4E41B16AA0D00E6CAE7 /* details_top_blue_share_inverse.png */,
				C25CE4E51B16AA0D00E6CAE7 /* details_top_blue_share_inverse@2x.png */,
				C25CE4E61B16AA0D00E6CAE7 /* tab_fav_inverse_normal.png */,
				C25CE4E71B16AA0D00E6CAE7 /* tab_fav_inverse_normal@2x.png */,
				C25679211B19EAE700C7313F /* 321.png */,
				C281B05A1B1AB1F700FA6591 /* white.png */,
				C2D60D7A1B0F0B440045DE6B /* 1.png */,
			);
			path = Image;
			sourceTree = "<group>";
		};
		C281B0471B1A95AF00FA6591 /* Pay */ = {
			isa = PBXGroup;
			children = (
				C281B0481B1A95F700FA6591 /* Controller */,
				C281B0491B1A95F700FA6591 /* Model */,
				C281B04A1B1A95F700FA6591 /* VIew */,
			);
			path = Pay;
			sourceTree = "<group>";
		};
		C281B0481B1A95F700FA6591 /* Controller */ = {
			isa = PBXGroup;
			children = (
				C281B0541B1AAB2F00FA6591 /* PayTableViewController.h */,
				C281B0551B1AAB2F00FA6591 /* PayTableViewController.m */,
			);
			path = Controller;
			sourceTree = "<group>";
		};
		C281B0491B1A95F700FA6591 /* Model */ = {
			isa = PBXGroup;
			children = (
			);
			path = Model;
			sourceTree = "<group>";
		};
		C281B04A1B1A95F700FA6591 /* VIew */ = {
			isa = PBXGroup;
			children = (
				C281B04E1B1A9AAB00FA6591 /* PayViewCell.h */,
				C281B04F1B1A9AAB00FA6591 /* PayViewCell.m */,
				C281B0571B1AAE5700FA6591 /* TopTableViewCell.h */,
				C281B0581B1AAE5700FA6591 /* TopTableViewCell.m */,
			);
			path = VIew;
			sourceTree = "<group>";
		};
		C295D1C61B1082AC00669758 /* Drawer */ = {
			isa = PBXGroup;
			children = (
				C295D1C71B1082B800669758 /* DDMenuController.h */,
				C295D1C81B1082B800669758 /* DDMenuController.m */,
				C295D1C91B1082B800669758 /* LeftViewController.h */,
				C295D1CB1B1082C000669758 /* LeftViewController.m */,
			);
			path = Drawer;
			sourceTree = "<group>";
		};
		C295D1D31B10A68D00669758 /* Set */ = {
			isa = PBXGroup;
			children = (
				C295D1D41B10A69D00669758 /* SettingTableViewController.h */,
				C295D1D51B10A69D00669758 /* SettingTableViewController.m */,
			);
			path = Set;
			sourceTree = "<group>";
		};
		C2A66B4C1B12BC3500E6B73D /* Common */ = {
			isa = PBXGroup;
			children = (
				C25025E91B12C2A100366F58 /* SDWebImage */,
				C2A66B4B1B12BC2200E6B73D /* URLHeaders.h */,
				C25025AF1B12C27000366F58 /* ImageDownload.h */,
				C25025B01B12C27000366F58 /* ImageDownload.m */,
				C25025B11B12C27000366F58 /* NetworkHandler.h */,
				C25025B21B12C27000366F58 /* NetworkHandler.m */,
				C256791C1B19590F00C7313F /* UITableViewCell+textHeight.h */,
				C256791D1B19590F00C7313F /* UITableViewCell+textHeight.m */,
				C25025B31B12C27000366F58 /* Cachemanger.h */,
				C25025B41B12C27000366F58 /* Cachemanger.m */,
			);
			path = Common;
			sourceTree = "<group>";
		};
		C2D60D5F1B0ECB0D0045DE6B /* Controller */ = {
			isa = PBXGroup;
			children = (
				C250D28A1B17F5F1000E77E3 /* DetailViewController.h */,
				C250D28B1B17F5F1000E77E3 /* DetailViewController.m */,
			);
			path = Controller;
			sourceTree = "<group>";
		};
		C2D60D601B0ECB1B0045DE6B /* Model */ = {
			isa = PBXGroup;
			children = (
				C2D60D651B0ECB560045DE6B /* Detail.h */,
				C2D60D661B0ECB560045DE6B /* Detail.m */,
			);
			path = Model;
			sourceTree = "<group>";
		};
		C2D60D611B0ECB240045DE6B /* View */ = {
			isa = PBXGroup;
			children = (
				C2D60D621B0ECB470045DE6B /* DetailTableViewCell.h */,
				C2D60D631B0ECB470045DE6B /* DetailTableViewCell.m */,
				C2ABB3B11B1317E4008B5BBB /* ScrollPhotoTableViewCell.h */,
				C2ABB3B21B1317E4008B5BBB /* ScrollPhotoTableViewCell.m */,
				C2ABB3B41B1317FA008B5BBB /* MapTableViewCell.h */,
				C2ABB3B51B1317FA008B5BBB /* MapTableViewCell.m */,
			);
			path = View;
			sourceTree = "<group>";
		};
		C2D60D681B0ECFBD0045DE6B /* APP */ = {
			isa = PBXGroup;
			children = (
				C2D60D691B0ECFC60045DE6B /* AppDelegate.h */,
				C2D60D6A1B0ECFCD0045DE6B /* AppDelegate.m */,
			);
			path = APP;
			sourceTree = "<group>";
		};
/* End PBXGroup section */

/* Begin PBXNativeTarget section */
		C252036F1B0C1E7200627068 /* HappyWeekend */ = {
			isa = PBXNativeTarget;
			buildConfigurationList = C25203931B0C1E7200627068 /* Build configuration list for PBXNativeTarget "HappyWeekend" */;
			buildPhases = (
				C252036C1B0C1E7200627068 /* Sources */,
				C252036D1B0C1E7200627068 /* Frameworks */,
				C252036E1B0C1E7200627068 /* Resources */,
			);
			buildRules = (
			);
			dependencies = (
			);
			name = HappyWeekend;
			productName = HappyWeekend;
			productReference = C25203701B0C1E7200627068 /* HappyWeekend.app */;
			productType = "com.apple.product-type.application";
		};
		C25203881B0C1E7200627068 /* HappyWeekendTests */ = {
			isa = PBXNativeTarget;
			buildConfigurationList = C25203961B0C1E7200627068 /* Build configuration list for PBXNativeTarget "HappyWeekendTests" */;
			buildPhases = (
				C25203851B0C1E7200627068 /* Sources */,
				C25203861B0C1E7200627068 /* Frameworks */,
				C25203871B0C1E7200627068 /* Resources */,
			);
			buildRules = (
			);
			dependencies = (
				C252038B1B0C1E7200627068 /* PBXTargetDependency */,
			);
			name = HappyWeekendTests;
			productName = HappyWeekendTests;
			productReference = C25203891B0C1E7200627068 /* HappyWeekendTests.xctest */;
			productType = "com.apple.product-type.bundle.unit-test";
		};
/* End PBXNativeTarget section */

/* Begin PBXProject section */
		C25203681B0C1E7200627068 /* Project object */ = {
			isa = PBXProject;
			attributes = {
				LastUpgradeCheck = 0600;
				ORGANIZATIONNAME = lanou3g;
				TargetAttributes = {
					C252036F1B0C1E7200627068 = {
						CreatedOnToolsVersion = 6.0.1;
					};
					C25203881B0C1E7200627068 = {
						CreatedOnToolsVersion = 6.0.1;
						TestTargetID = C252036F1B0C1E7200627068;
					};
				};
			};
			buildConfigurationList = C252036B1B0C1E7200627068 /* Build configuration list for PBXProject "HappyWeekend" */;
			compatibilityVersion = "Xcode 3.2";
			developmentRegion = English;
			hasScannedForEncodings = 0;
			knownRegions = (
				en,
				Base,
			);
			mainGroup = C25203671B0C1E7200627068;
			productRefGroup = C25203711B0C1E7200627068 /* Products */;
			projectDirPath = "";
			projectRoot = "";
			targets = (
				C252036F1B0C1E7200627068 /* HappyWeekend */,
				C25203881B0C1E7200627068 /* HappyWeekendTests */,
			);
		};
/* End PBXProject section */

/* Begin PBXResourcesBuildPhase section */
		C252036E1B0C1E7200627068 /* Resources */ = {
			isa = PBXResourcesBuildPhase;
			buildActionMask = 2147483647;
			files = (
				C25CE4EB1B16AA0D00E6CAE7 /* tab_fav_inverse_normal@2x.png in Resources */,
				C25CE4E81B16AA0D00E6CAE7 /* details_top_blue_share_inverse.png in Resources */,
				C281B05E1B1B2DC100FA6591 /* pic_default.png in Resources */,
				C25CE4ED1B16B1F400E6CAE7 /* touming.png in Resources */,
				C252037F1B0C1E7200627068 /* Main.storyboard in Resources */,
				C25CE4E91B16AA0D00E6CAE7 /* details_top_blue_share_inverse@2x.png in Resources */,
				C25CE4EA1B16AA0D00E6CAE7 /* tab_fav_inverse_normal.png in Resources */,
				C2D60D7B1B0F0B440045DE6B /* 1.png in Resources */,
				C281B05F1B1B2DC100FA6591 /* pic_default@2x.png in Resources */,
				C281B05B1B1AB1F700FA6591 /* white.png in Resources */,
				C25203841B0C1E7200627068 /* LaunchScreen.xib in Resources */,
				C25679221B19EAE700C7313F /* 321.png in Resources */,
				C25203811B0C1E7200627068 /* Images.xcassets in Resources */,
			);
			runOnlyForDeploymentPostprocessing = 0;
		};
		C25203871B0C1E7200627068 /* Resources */ = {
			isa = PBXResourcesBuildPhase;
			buildActionMask = 2147483647;
			files = (
			);
			runOnlyForDeploymentPostprocessing = 0;
		};
/* End PBXResourcesBuildPhase section */

/* Begin PBXSourcesBuildPhase section */
		C252036C1B0C1E7200627068 /* Sources */ = {
			isa = PBXSourcesBuildPhase;
			buildActionMask = 2147483647;
			files = (
				C25026161B12C2DA00366F58 /* UIImage+MultiFormat.m in Sources */,
				C25026171B12C2DA00366F58 /* UIImage+WebP.m in Sources */,
				C25025B71B12C27000366F58 /* Cachemanger.m in Sources */,
				C25026121B12C2DA00366F58 /* SDWebImageManager.m in Sources */,
				C295D1CC1B1082C000669758 /* LeftViewController.m in Sources */,
				C25025B51B12C27000366F58 /* ImageDownload.m in Sources */,
				C25025AE1B12C10900366F58 /* ScrollViewCell.m in Sources */,
				C25026101B12C2DA00366F58 /* SDWebImageDownloader.m in Sources */,
				C2D60D671B0ECB560045DE6B /* Detail.m in Sources */,
				C281B0501B1A9AAB00FA6591 /* PayViewCell.m in Sources */,
				C2D60D641B0ECB470045DE6B /* DetailTableViewCell.m in Sources */,
				C25025AD1B12C10900366F58 /* HomeViewCell.m in Sources */,
				C2ABB3B61B1317FA008B5BBB /* MapTableViewCell.m in Sources */,
				C2D60D6B1B0ECFCD0045DE6B /* AppDelegate.m in Sources */,
				C250260B1B12C2DA00366F58 /* MKAnnotationView+WebCache.m in Sources */,
				C281B0591B1AAE5700FA6591 /* TopTableViewCell.m in Sources */,
				C2A66B4F1B12BC6000E6B73D /* HomeWeek.m in Sources */,
				C250260C1B12C2DA00366F58 /* NSData+ImageContentType.m in Sources */,
				C25026151B12C2DA00366F58 /* UIImage+GIF.m in Sources */,
				C2ABB3B31B1317E4008B5BBB /* ScrollPhotoTableViewCell.m in Sources */,
				C250D28C1B17F5F1000E77E3 /* DetailViewController.m in Sources */,
				C256791E1B19590F00C7313F /* UITableViewCell+textHeight.m in Sources */,
				C25026141B12C2DA00366F58 /* UIButton+WebCache.m in Sources */,
				C295D1D61B10A69D00669758 /* SettingTableViewController.m in Sources */,
				C25026131B12C2DA00366F58 /* SDWebImagePrefetcher.m in Sources */,
				C250260F1B12C2DA00366F58 /* SDWebImageDecoder.m in Sources */,
				C250260D1B12C2DA00366F58 /* SDImageCache.m in Sources */,
				C250260E1B12C2DA00366F58 /* SDWebImageCompat.m in Sources */,
				C250261A1B12C2DA00366F58 /* UIView+WebCacheOperation.m in Sources */,
				C295D1D21B10835E00669758 /* HomeTableViewController.m in Sources */,
				C295D1CA1B1082B800669758 /* DDMenuController.m in Sources */,
				C25026111B12C2DA00366F58 /* SDWebImageDownloaderOperation.m in Sources */,
				C25025B61B12C27000366F58 /* NetworkHandler.m in Sources */,
				C25026191B12C2DA00366F58 /* UIImageView+WebCache.m in Sources */,
				C281B0561B1AAB2F00FA6591 /* PayTableViewController.m in Sources */,
				C25026181B12C2DA00366F58 /* UIImageView+HighlightedWebCache.m in Sources */,
				C25203761B0C1E7200627068 /* main.m in Sources */,
			);
			runOnlyForDeploymentPostprocessing = 0;
		};
		C25203851B0C1E7200627068 /* Sources */ = {
			isa = PBXSourcesBuildPhase;
			buildActionMask = 2147483647;
			files = (
				C25203901B0C1E7200627068 /* HappyWeekendTests.m in Sources */,
			);
			runOnlyForDeploymentPostprocessing = 0;
		};
/* End PBXSourcesBuildPhase section */

/* Begin PBXTargetDependency section */
		C252038B1B0C1E7200627068 /* PBXTargetDependency */ = {
			isa = PBXTargetDependency;
			target = C252036F1B0C1E7200627068 /* HappyWeekend */;
			targetProxy = C252038A1B0C1E7200627068 /* PBXContainerItemProxy */;
		};
/* End PBXTargetDependency section */

/* Begin PBXVariantGroup section */
		C252037D1B0C1E7200627068 /* Main.storyboard */ = {
			isa = PBXVariantGroup;
			children = (
				C252037E1B0C1E7200627068 /* Base */,
			);
			name = Main.storyboard;
			sourceTree = "<group>";
		};
		C25203821B0C1E7200627068 /* LaunchScreen.xib */ = {
			isa = PBXVariantGroup;
			children = (
				C25203831B0C1E7200627068 /* Base */,
			);
			name = LaunchScreen.xib;
			sourceTree = "<group>";
		};
/* End PBXVariantGroup section */

/* Begin XCBuildConfiguration section */
		C25203911B0C1E7200627068 /* Debug */ = {
			isa = XCBuildConfiguration;
			buildSettings = {
				ALWAYS_SEARCH_USER_PATHS = NO;
				CLANG_CXX_LANGUAGE_STANDARD = "gnu++0x";
				CLANG_CXX_LIBRARY = "libc++";
				CLANG_ENABLE_MODULES = YES;
				CLANG_ENABLE_OBJC_ARC = YES;
				CLANG_WARN_BOOL_CONVERSION = YES;
				CLANG_WARN_CONSTANT_CONVERSION = YES;
				CLANG_WARN_DIRECT_OBJC_ISA_USAGE = YES_ERROR;
				CLANG_WARN_EMPTY_BODY = YES;
				CLANG_WARN_ENUM_CONVERSION = YES;
				CLANG_WARN_INT_CONVERSION = YES;
				CLANG_WARN_OBJC_ROOT_CLASS = YES_ERROR;
				CLANG_WARN_UNREACHABLE_CODE = YES;
				CLANG_WARN__DUPLICATE_METHOD_MATCH = YES;
				"CODE_SIGN_IDENTITY[sdk=iphoneos*]" = "iPhone Developer";
				COPY_PHASE_STRIP = NO;
				ENABLE_STRICT_OBJC_MSGSEND = YES;
				GCC_C_LANGUAGE_STANDARD = gnu99;
				GCC_DYNAMIC_NO_PIC = NO;
				GCC_OPTIMIZATION_LEVEL = 0;
				GCC_PREPROCESSOR_DEFINITIONS = (
					"DEBUG=1",
					"$(inherited)",
				);
				GCC_SYMBOLS_PRIVATE_EXTERN = NO;
				GCC_WARN_64_TO_32_BIT_CONVERSION = YES;
				GCC_WARN_ABOUT_RETURN_TYPE = YES_ERROR;
				GCC_WARN_UNDECLARED_SELECTOR = YES;
				GCC_WARN_UNINITIALIZED_AUTOS = YES_AGGRESSIVE;
				GCC_WARN_UNUSED_FUNCTION = YES;
				GCC_WARN_UNUSED_VARIABLE = YES;
				IPHONEOS_DEPLOYMENT_TARGET = 8.0;
				MTL_ENABLE_DEBUG_INFO = YES;
				ONLY_ACTIVE_ARCH = YES;
				SDKROOT = iphoneos;
				TARGETED_DEVICE_FAMILY = "1,2";
			};
			name = Debug;
		};
		C25203921B0C1E7200627068 /* Release */ = {
			isa = XCBuildConfiguration;
			buildSettings = {
				ALWAYS_SEARCH_USER_PATHS = NO;
				CLANG_CXX_LANGUAGE_STANDARD = "gnu++0x";
				CLANG_CXX_LIBRARY = "libc++";
				CLANG_ENABLE_MODULES = YES;
				CLANG_ENABLE_OBJC_ARC = YES;
				CLANG_WARN_BOOL_CONVERSION = YES;
				CLANG_WARN_CONSTANT_CONVERSION = YES;
				CLANG_WARN_DIRECT_OBJC_ISA_USAGE = YES_ERROR;
				CLANG_WARN_EMPTY_BODY = YES;
				CLANG_WARN_ENUM_CONVERSION = YES;
				CLANG_WARN_INT_CONVERSION = YES;
				CLANG_WARN_OBJC_ROOT_CLASS = YES_ERROR;
				CLANG_WARN_UNREACHABLE_CODE = YES;
				CLANG_WARN__DUPLICATE_METHOD_MATCH = YES;
				"CODE_SIGN_IDENTITY[sdk=iphoneos*]" = "iPhone Developer";
				COPY_PHASE_STRIP = YES;
				ENABLE_NS_ASSERTIONS = NO;
				ENABLE_STRICT_OBJC_MSGSEND = YES;
				GCC_C_LANGUAGE_STANDARD = gnu99;
				GCC_WARN_64_TO_32_BIT_CONVERSION = YES;
				GCC_WARN_ABOUT_RETURN_TYPE = YES_ERROR;
				GCC_WARN_UNDECLARED_SELECTOR = YES;
				GCC_WARN_UNINITIALIZED_AUTOS = YES_AGGRESSIVE;
				GCC_WARN_UNUSED_FUNCTION = YES;
				GCC_WARN_UNUSED_VARIABLE = YES;
				IPHONEOS_DEPLOYMENT_TARGET = 8.0;
				MTL_ENABLE_DEBUG_INFO = NO;
				SDKROOT = iphoneos;
				TARGETED_DEVICE_FAMILY = "1,2";
				VALIDATE_PRODUCT = YES;
			};
			name = Release;
		};
		C25203941B0C1E7200627068 /* Debug */ = {
			isa = XCBuildConfiguration;
			buildSettings = {
				ASSETCATALOG_COMPILER_APPICON_NAME = AppIcon;
				CLANG_ENABLE_OBJC_ARC = YES;
				INFOPLIST_FILE = HappyWeekend/Info.plist;
				LD_RUNPATH_SEARCH_PATHS = "$(inherited) @executable_path/Frameworks";
				PRODUCT_NAME = "$(TARGET_NAME)";
			};
			name = Debug;
		};
		C25203951B0C1E7200627068 /* Release */ = {
			isa = XCBuildConfiguration;
			buildSettings = {
				ASSETCATALOG_COMPILER_APPICON_NAME = AppIcon;
				CLANG_ENABLE_OBJC_ARC = YES;
				INFOPLIST_FILE = HappyWeekend/Info.plist;
				LD_RUNPATH_SEARCH_PATHS = "$(inherited) @executable_path/Frameworks";
				PRODUCT_NAME = "$(TARGET_NAME)";
			};
			name = Release;
		};
		C25203971B0C1E7200627068 /* Debug */ = {
			isa = XCBuildConfiguration;
			buildSettings = {
				BUNDLE_LOADER = "$(TEST_HOST)";
				FRAMEWORK_SEARCH_PATHS = (
					"$(SDKROOT)/Developer/Library/Frameworks",
					"$(inherited)",
				);
				GCC_PREPROCESSOR_DEFINITIONS = (
					"DEBUG=1",
					"$(inherited)",
				);
				INFOPLIST_FILE = HappyWeekendTests/Info.plist;
				LD_RUNPATH_SEARCH_PATHS = "$(inherited) @executable_path/Frameworks @loader_path/Frameworks";
				PRODUCT_NAME = "$(TARGET_NAME)";
				TEST_HOST = "$(BUILT_PRODUCTS_DIR)/HappyWeekend.app/HappyWeekend";
			};
			name = Debug;
		};
		C25203981B0C1E7200627068 /* Release */ = {
			isa = XCBuildConfiguration;
			buildSettings = {
				BUNDLE_LOADER = "$(TEST_HOST)";
				FRAMEWORK_SEARCH_PATHS = (
					"$(SDKROOT)/Developer/Library/Frameworks",
					"$(inherited)",
				);
				INFOPLIST_FILE = HappyWeekendTests/Info.plist;
				LD_RUNPATH_SEARCH_PATHS = "$(inherited) @executable_path/Frameworks @loader_path/Frameworks";
				PRODUCT_NAME = "$(TARGET_NAME)";
				TEST_HOST = "$(BUILT_PRODUCTS_DIR)/HappyWeekend.app/HappyWeekend";
			};
			name = Release;
		};
/* End XCBuildConfiguration section */

/* Begin XCConfigurationList section */
		C252036B1B0C1E7200627068 /* Build configuration list for PBXProject "HappyWeekend" */ = {
			isa = XCConfigurationList;
			buildConfigurations = (
				C25203911B0C1E7200627068 /* Debug */,
				C25203921B0C1E7200627068 /* Release */,
			);
			defaultConfigurationIsVisible = 0;
			defaultConfigurationName = Release;
		};
		C25203931B0C1E7200627068 /* Build configuration list for PBXNativeTarget "HappyWeekend" */ = {
			isa = XCConfigurationList;
			buildConfigurations = (
				C25203941B0C1E7200627068 /* Debug */,
				C25203951B0C1E7200627068 /* Release */,
			);
			defaultConfigurationIsVisible = 0;
			defaultConfigurationName = Release;
		};
		C25203961B0C1E7200627068 /* Build configuration list for PBXNativeTarget "HappyWeekendTests" */ = {
			isa = XCConfigurationList;
			buildConfigurations = (
				C25203971B0C1E7200627068 /* Debug */,
				C25203981B0C1E7200627068 /* Release */,
			);
			defaultConfigurationIsVisible = 0;
			defaultConfigurationName = Release;
		};
/* End XCConfigurationList section */
	};
	rootObject = C25203681B0C1E7200627068 /* Project object */;
}
